// !$*UTF8*$!
{
	archiveVersion = 1;
	classes = {
	};
	objectVersion = 56;
	objects = {

/* Begin PBXBuildFile section */
		180192C22BF6FABD002E6893 /* AppDelegate.swift in Sources */ = {isa = PBXBuildFile; fileRef = 180192C12BF6FABD002E6893 /* AppDelegate.swift */; };
		180192CB2BF6FABE002E6893 /* Assets.xcassets in Resources */ = {isa = PBXBuildFile; fileRef = 180192CA2BF6FABE002E6893 /* Assets.xcassets */; };
		180192CE2BF6FABE002E6893 /* LaunchScreen.storyboard in Resources */ = {isa = PBXBuildFile; fileRef = 180192CC2BF6FABE002E6893 /* LaunchScreen.storyboard */; };
		180192D92BF6FABF002E6893 /* CalmPuzzleTests.swift in Sources */ = {isa = PBXBuildFile; fileRef = 180192D82BF6FABF002E6893 /* CalmPuzzleTests.swift */; };
		180192E32BF6FABF002E6893 /* CalmPuzzleUITests.swift in Sources */ = {isa = PBXBuildFile; fileRef = 180192E22BF6FABF002E6893 /* CalmPuzzleUITests.swift */; };
		180192E52BF6FABF002E6893 /* CalmPuzzleUITestsLaunchTests.swift in Sources */ = {isa = PBXBuildFile; fileRef = 180192E42BF6FABF002E6893 /* CalmPuzzleUITestsLaunchTests.swift */; };
		18069DB62C1A2D0B00CDEAB0 /* GoogleService-Info.plist in Resources */ = {isa = PBXBuildFile; fileRef = 18069DB52C1A2D0B00CDEAB0 /* GoogleService-Info.plist */; };
		18069DB72C1A2D0B00CDEAB0 /* GoogleService-Info.plist in Resources */ = {isa = PBXBuildFile; fileRef = 18069DB52C1A2D0B00CDEAB0 /* GoogleService-Info.plist */; };
		18069DB82C1A2D0B00CDEAB0 /* GoogleService-Info.plist in Resources */ = {isa = PBXBuildFile; fileRef = 18069DB52C1A2D0B00CDEAB0 /* GoogleService-Info.plist */; };
		185E24602C1225EA009C7C68 /* SettingsSection.swift in Sources */ = {isa = PBXBuildFile; fileRef = 185E245F2C1225EA009C7C68 /* SettingsSection.swift */; };
		185E24622C122E6F009C7C68 /* DifficultyViewController.swift in Sources */ = {isa = PBXBuildFile; fileRef = 185E24612C122E6F009C7C68 /* DifficultyViewController.swift */; };
		185E24642C123196009C7C68 /* DifficultyViewModel.swift in Sources */ = {isa = PBXBuildFile; fileRef = 185E24632C123196009C7C68 /* DifficultyViewModel.swift */; };
		185E24662C1231B7009C7C68 /* DifficultyRootView.swift in Sources */ = {isa = PBXBuildFile; fileRef = 185E24652C1231B7009C7C68 /* DifficultyRootView.swift */; };
		185E24692C1384C4009C7C68 /* Difficulty.swift in Sources */ = {isa = PBXBuildFile; fileRef = 185E24682C1384C4009C7C68 /* Difficulty.swift */; };
		185E246B2C13B8F7009C7C68 /* FirebasePuzzleDataStore.swift in Sources */ = {isa = PBXBuildFile; fileRef = 185E246A2C13B8F7009C7C68 /* FirebasePuzzleDataStore.swift */; };
		185E3FD62BFFBEAB00E5E398 /* GameSessionViewModel.swift in Sources */ = {isa = PBXBuildFile; fileRef = 185E3FD52BFFBEAB00E5E398 /* GameSessionViewModel.swift */; };
		185E3FD82BFFBEB300E5E398 /* GameSessionRootView.swift in Sources */ = {isa = PBXBuildFile; fileRef = 185E3FD72BFFBEB300E5E398 /* GameSessionRootView.swift */; };
		185E3FDA2BFFBF1D00E5E398 /* GameSessionViewController.swift in Sources */ = {isa = PBXBuildFile; fileRef = 185E3FD92BFFBF1D00E5E398 /* GameSessionViewController.swift */; };
		185E3FDC2BFFC04700E5E398 /* GameSessionContainer.swift in Sources */ = {isa = PBXBuildFile; fileRef = 185E3FDB2BFFC04700E5E398 /* GameSessionContainer.swift */; };
		185E3FDE2C00EF2B00E5E398 /* TileCell.swift in Sources */ = {isa = PBXBuildFile; fileRef = 185E3FDD2C00EF2B00E5E398 /* TileCell.swift */; };
		185E3FE02C06C63800E5E398 /* Tile.swift in Sources */ = {isa = PBXBuildFile; fileRef = 185E3FDF2C06C63800E5E398 /* Tile.swift */; };
		185E3FE22C08CBC000E5E398 /* field-of-flowers.jpg in Resources */ = {isa = PBXBuildFile; fileRef = 185E3FE12C08CBBF00E5E398 /* field-of-flowers.jpg */; };
		185E3FE42C08EF3900E5E398 /* PremiumPackageID.swift in Sources */ = {isa = PBXBuildFile; fileRef = 185E3FE32C08EF3900E5E398 /* PremiumPackageID.swift */; };
		185E3FE62C0E382800E5E398 /* StretchyHeaderLayout.swift in Sources */ = {isa = PBXBuildFile; fileRef = 185E3FE52C0E382800E5E398 /* StretchyHeaderLayout.swift */; };
		185E3FE82C0E39FB00E5E398 /* CustomHeaderView.swift in Sources */ = {isa = PBXBuildFile; fileRef = 185E3FE72C0E39FB00E5E398 /* CustomHeaderView.swift */; };
		186363952BFBA16100A330AF /* AppContainer.swift in Sources */ = {isa = PBXBuildFile; fileRef = 186363942BFBA16100A330AF /* AppContainer.swift */; };
		186363972BFCDCC600A330AF /* Puzzle.swift in Sources */ = {isa = PBXBuildFile; fileRef = 186363962BFCDCC600A330AF /* Puzzle.swift */; };
		1863639A2BFCDF7800A330AF /* PuzzleCategory.swift in Sources */ = {isa = PBXBuildFile; fileRef = 186363992BFCDF7800A330AF /* PuzzleCategory.swift */; };
		1863639D2BFCDFD600A330AF /* PuzzleRepository.swift in Sources */ = {isa = PBXBuildFile; fileRef = 1863639C2BFCDFD600A330AF /* PuzzleRepository.swift */; };
		1863639F2BFCDFFC00A330AF /* PuzzleDataStore.swift in Sources */ = {isa = PBXBuildFile; fileRef = 1863639E2BFCDFFC00A330AF /* PuzzleDataStore.swift */; };
		186363A12BFCE01500A330AF /* MockPuzzleDataStore.swift in Sources */ = {isa = PBXBuildFile; fileRef = 186363A02BFCE01500A330AF /* MockPuzzleDataStore.swift */; };
		186363A42BFCEB8D00A330AF /* UserProfileRepository.swift in Sources */ = {isa = PBXBuildFile; fileRef = 186363A32BFCEB8D00A330AF /* UserProfileRepository.swift */; };
		186363A62BFCEB9F00A330AF /* UserProfileDataStore.swift in Sources */ = {isa = PBXBuildFile; fileRef = 186363A52BFCEB9F00A330AF /* UserProfileDataStore.swift */; };
		186363A82BFCEBA900A330AF /* MockUserProfileDataStore.swift in Sources */ = {isa = PBXBuildFile; fileRef = 186363A72BFCEBA900A330AF /* MockUserProfileDataStore.swift */; };
		186363AA2BFCEC3300A330AF /* UserProfile.swift in Sources */ = {isa = PBXBuildFile; fileRef = 186363A92BFCEC3300A330AF /* UserProfile.swift */; };
		186363AC2BFCF51B00A330AF /* MainViewModel.swift in Sources */ = {isa = PBXBuildFile; fileRef = 186363AB2BFCF51B00A330AF /* MainViewModel.swift */; };
		186363AE2BFD070800A330AF /* MainViewController.swift in Sources */ = {isa = PBXBuildFile; fileRef = 186363AD2BFD070800A330AF /* MainViewController.swift */; };
		186363B02BFD0A5D00A330AF /* LaunchViewController.swift in Sources */ = {isa = PBXBuildFile; fileRef = 186363AF2BFD0A5D00A330AF /* LaunchViewController.swift */; };
		186363B22BFD0A6600A330AF /* LaunchViewModel.swift in Sources */ = {isa = PBXBuildFile; fileRef = 186363B12BFD0A6600A330AF /* LaunchViewModel.swift */; };
		186363B42BFD0AD600A330AF /* OnboardingViewController.swift in Sources */ = {isa = PBXBuildFile; fileRef = 186363B32BFD0AD600A330AF /* OnboardingViewController.swift */; };
		186363B62BFD0B0500A330AF /* OnboardingContainer.swift in Sources */ = {isa = PBXBuildFile; fileRef = 186363B52BFD0B0500A330AF /* OnboardingContainer.swift */; };
		186363B82BFD0D8B00A330AF /* OnboardingViewModel.swift in Sources */ = {isa = PBXBuildFile; fileRef = 186363B72BFD0D8B00A330AF /* OnboardingViewModel.swift */; };
		186363BC2BFD133B00A330AF /* BaseViewModel.swift in Sources */ = {isa = PBXBuildFile; fileRef = 186363BB2BFD133B00A330AF /* BaseViewModel.swift */; };
		186363BE2BFD147800A330AF /* SignedInResponder.swift in Sources */ = {isa = PBXBuildFile; fileRef = 186363BD2BFD147800A330AF /* SignedInResponder.swift */; };
		186363C02BFD148200A330AF /* NotSignedInResponder.swift in Sources */ = {isa = PBXBuildFile; fileRef = 186363BF2BFD148200A330AF /* NotSignedInResponder.swift */; };
		186363C22BFD165700A330AF /* SignedInContainer.swift in Sources */ = {isa = PBXBuildFile; fileRef = 186363C12BFD165700A330AF /* SignedInContainer.swift */; };
		186363C42BFD449500A330AF /* LaunchRootView.swift in Sources */ = {isa = PBXBuildFile; fileRef = 186363C32BFD449500A330AF /* LaunchRootView.swift */; };
		186363C72BFD44B500A330AF /* OnboardingRootView.swift in Sources */ = {isa = PBXBuildFile; fileRef = 186363C62BFD44B400A330AF /* OnboardingRootView.swift */; };
		186363CD2BFD45E500A330AF /* NiblessView.swift in Sources */ = {isa = PBXBuildFile; fileRef = 186363CC2BFD45E500A330AF /* NiblessView.swift */; };
		186363CF2BFD45F000A330AF /* NiblessViewController.swift in Sources */ = {isa = PBXBuildFile; fileRef = 186363CE2BFD45F000A330AF /* NiblessViewController.swift */; };
		186363D12BFD475500A330AF /* UIViewController+ErrorPresentation.swift in Sources */ = {isa = PBXBuildFile; fileRef = 186363D02BFD475500A330AF /* UIViewController+ErrorPresentation.swift */; };
		186363D32BFD481200A330AF /* ErrorMessage.swift in Sources */ = {isa = PBXBuildFile; fileRef = 186363D22BFD481200A330AF /* ErrorMessage.swift */; };
		186363D52BFD481C00A330AF /* ErrorPresentation.swift in Sources */ = {isa = PBXBuildFile; fileRef = 186363D42BFD481C00A330AF /* ErrorPresentation.swift */; };
		186363D72BFD48A300A330AF /* Secret.swift in Sources */ = {isa = PBXBuildFile; fileRef = 186363D62BFD48A300A330AF /* Secret.swift */; };
		186363D92BFD48C900A330AF /* PuzzleID.swift in Sources */ = {isa = PBXBuildFile; fileRef = 186363D82BFD48C900A330AF /* PuzzleID.swift */; };
		186363DB2BFD498700A330AF /* ViewControllerContainment.swift in Sources */ = {isa = PBXBuildFile; fileRef = 186363DA2BFD498700A330AF /* ViewControllerContainment.swift */; };
		186363DD2BFD49CB00A330AF /* ErrorMessagePresentation.swift in Sources */ = {isa = PBXBuildFile; fileRef = 186363DC2BFD49CB00A330AF /* ErrorMessagePresentation.swift */; };
		186363E02BFD4B5D00A330AF /* Color.swift in Sources */ = {isa = PBXBuildFile; fileRef = 186363DF2BFD4B5D00A330AF /* Color.swift */; };
		186363E22BFD4B6500A330AF /* UIColor+Hex.swift in Sources */ = {isa = PBXBuildFile; fileRef = 186363E12BFD4B6500A330AF /* UIColor+Hex.swift */; };
		186363E42BFD539400A330AF /* MainView.swift in Sources */ = {isa = PBXBuildFile; fileRef = 186363E32BFD539400A330AF /* MainView.swift */; };
		186363E62BFD5A6A00A330AF /* FirebaseUserProfileDataStore.swift in Sources */ = {isa = PBXBuildFile; fileRef = 186363E52BFD5A6900A330AF /* FirebaseUserProfileDataStore.swift */; };
		186363E92BFE395200A330AF /* NiblessTabBarController.swift in Sources */ = {isa = PBXBuildFile; fileRef = 186363E82BFE395200A330AF /* NiblessTabBarController.swift */; };
		186363F12BFE3C8F00A330AF /* BrowseViewController.swift in Sources */ = {isa = PBXBuildFile; fileRef = 186363F02BFE3C8F00A330AF /* BrowseViewController.swift */; };
		186363F32BFE3C9700A330AF /* BrowseRootView.swift in Sources */ = {isa = PBXBuildFile; fileRef = 186363F22BFE3C9700A330AF /* BrowseRootView.swift */; };
		186363F52BFE3CA600A330AF /* BrowseViewModel.swift in Sources */ = {isa = PBXBuildFile; fileRef = 186363F42BFE3CA600A330AF /* BrowseViewModel.swift */; };
		186363F72BFE3CB700A330AF /* DailyPuzzleViewController.swift in Sources */ = {isa = PBXBuildFile; fileRef = 186363F62BFE3CB700A330AF /* DailyPuzzleViewController.swift */; };
		186363F92BFE3CC300A330AF /* DailyPuzzleRootView.swift in Sources */ = {isa = PBXBuildFile; fileRef = 186363F82BFE3CC300A330AF /* DailyPuzzleRootView.swift */; };
		186363FB2BFE3CCC00A330AF /* DailyPuzzleViewModel.swift in Sources */ = {isa = PBXBuildFile; fileRef = 186363FA2BFE3CCC00A330AF /* DailyPuzzleViewModel.swift */; };
		186363FD2BFE3CD700A330AF /* ShopViewController.swift in Sources */ = {isa = PBXBuildFile; fileRef = 186363FC2BFE3CD700A330AF /* ShopViewController.swift */; };
		186363FF2BFE3CDF00A330AF /* ShopRootView.swift in Sources */ = {isa = PBXBuildFile; fileRef = 186363FE2BFE3CDF00A330AF /* ShopRootView.swift */; };
		186364012BFE3CE600A330AF /* ShopViewModel.swift in Sources */ = {isa = PBXBuildFile; fileRef = 186364002BFE3CE500A330AF /* ShopViewModel.swift */; };
		186364032BFE3CEE00A330AF /* MyPuzzlesViewController.swift in Sources */ = {isa = PBXBuildFile; fileRef = 186364022BFE3CEE00A330AF /* MyPuzzlesViewController.swift */; };
		186364052BFE3CF800A330AF /* MyPuzzlesRootView.swift in Sources */ = {isa = PBXBuildFile; fileRef = 186364042BFE3CF800A330AF /* MyPuzzlesRootView.swift */; };
		186364072BFE3CFF00A330AF /* MyPuzzlesViewModel.swift in Sources */ = {isa = PBXBuildFile; fileRef = 186364062BFE3CFF00A330AF /* MyPuzzlesViewModel.swift */; };
		186364092BFE3D0800A330AF /* SettingsViewController.swift in Sources */ = {isa = PBXBuildFile; fileRef = 186364082BFE3D0800A330AF /* SettingsViewController.swift */; };
		1863640B2BFE3D1200A330AF /* SettingsRootView.swift in Sources */ = {isa = PBXBuildFile; fileRef = 1863640A2BFE3D1200A330AF /* SettingsRootView.swift */; };
		1863640D2BFE3D2A00A330AF /* SettingsViewModel.swift in Sources */ = {isa = PBXBuildFile; fileRef = 1863640C2BFE3D2A00A330AF /* SettingsViewModel.swift */; };
		186364112BFE4D5900A330AF /* SignedInViewController.swift in Sources */ = {isa = PBXBuildFile; fileRef = 186364102BFE4D5900A330AF /* SignedInViewController.swift */; };
		186364132BFE4E5400A330AF /* BaseRootView.swift in Sources */ = {isa = PBXBuildFile; fileRef = 186364122BFE4E5400A330AF /* BaseRootView.swift */; };
		186364172BFF9A6B00A330AF /* CategoryCell.swift in Sources */ = {isa = PBXBuildFile; fileRef = 186364162BFF9A6B00A330AF /* CategoryCell.swift */; };
		186364192BFFB41A00A330AF /* PuzzleTileCell.swift in Sources */ = {isa = PBXBuildFile; fileRef = 186364182BFFB41A00A330AF /* PuzzleTileCell.swift */; };
		1863641B2BFFB78E00A330AF /* merchant.png in Resources */ = {isa = PBXBuildFile; fileRef = 1863641A2BFFB78D00A330AF /* merchant.png */; };
		18681C482C120B0400CA5BE8 /* SettingsCell.swift in Sources */ = {isa = PBXBuildFile; fileRef = 18681C472C120B0400CA5BE8 /* SettingsCell.swift */; };
		18FEC9152C1A43B3002D9649 /* FirebaseAnalytics in Frameworks */ = {isa = PBXBuildFile; productRef = 18FEC9142C1A43B3002D9649 /* FirebaseAnalytics */; };
		18FEC9172C1A43B3002D9649 /* FirebaseAnalyticsOnDeviceConversion in Frameworks */ = {isa = PBXBuildFile; productRef = 18FEC9162C1A43B3002D9649 /* FirebaseAnalyticsOnDeviceConversion */; };
		18FEC9192C1A43B3002D9649 /* FirebaseAnalyticsSwift in Frameworks */ = {isa = PBXBuildFile; productRef = 18FEC9182C1A43B3002D9649 /* FirebaseAnalyticsSwift */; };
		18FEC91B2C1A43B3002D9649 /* FirebaseAppCheck in Frameworks */ = {isa = PBXBuildFile; productRef = 18FEC91A2C1A43B3002D9649 /* FirebaseAppCheck */; };
		18FEC91D2C1A43B3002D9649 /* FirebaseAuth in Frameworks */ = {isa = PBXBuildFile; productRef = 18FEC91C2C1A43B3002D9649 /* FirebaseAuth */; };
		18FEC91F2C1A43B3002D9649 /* FirebaseCrashlytics in Frameworks */ = {isa = PBXBuildFile; productRef = 18FEC91E2C1A43B3002D9649 /* FirebaseCrashlytics */; };
		18FEC9212C1A43B3002D9649 /* FirebaseDynamicLinks in Frameworks */ = {isa = PBXBuildFile; productRef = 18FEC9202C1A43B3002D9649 /* FirebaseDynamicLinks */; };
		18FEC9232C1A43B3002D9649 /* FirebaseFirestore in Frameworks */ = {isa = PBXBuildFile; productRef = 18FEC9222C1A43B3002D9649 /* FirebaseFirestore */; };
		18FEC9252C1A43B3002D9649 /* FirebaseFirestoreSwift in Frameworks */ = {isa = PBXBuildFile; productRef = 18FEC9242C1A43B3002D9649 /* FirebaseFirestoreSwift */; };
		18FEC9272C1A43B3002D9649 /* FirebaseFunctions in Frameworks */ = {isa = PBXBuildFile; productRef = 18FEC9262C1A43B3002D9649 /* FirebaseFunctions */; };
		18FEC9292C1A43B3002D9649 /* FirebaseInstallations in Frameworks */ = {isa = PBXBuildFile; productRef = 18FEC9282C1A43B3002D9649 /* FirebaseInstallations */; };
		18FEC92B2C1A43B3002D9649 /* FirebaseMessaging in Frameworks */ = {isa = PBXBuildFile; productRef = 18FEC92A2C1A43B3002D9649 /* FirebaseMessaging */; };
		18FEC92D2C1A43B3002D9649 /* FirebasePerformance in Frameworks */ = {isa = PBXBuildFile; productRef = 18FEC92C2C1A43B3002D9649 /* FirebasePerformance */; };
		18FEC92F2C1A43B3002D9649 /* FirebaseRemoteConfig in Frameworks */ = {isa = PBXBuildFile; productRef = 18FEC92E2C1A43B3002D9649 /* FirebaseRemoteConfig */; };
		18FEC9312C1A43B3002D9649 /* FirebaseRemoteConfigSwift in Frameworks */ = {isa = PBXBuildFile; productRef = 18FEC9302C1A43B3002D9649 /* FirebaseRemoteConfigSwift */; };
		18FEC9332C1A43B3002D9649 /* FirebaseStorage in Frameworks */ = {isa = PBXBuildFile; productRef = 18FEC9322C1A43B3002D9649 /* FirebaseStorage */; };
		18FEC9352C1B652E002D9649 /* Authenticator.swift in Sources */ = {isa = PBXBuildFile; fileRef = 18FEC9342C1B652E002D9649 /* Authenticator.swift */; };
		18FEC9372C1C9E4B002D9649 /* NetworkReachability.swift in Sources */ = {isa = PBXBuildFile; fileRef = 18FEC9362C1C9E4B002D9649 /* NetworkReachability.swift */; };
/* End PBXBuildFile section */

/* Begin PBXContainerItemProxy section */
		180192D52BF6FABF002E6893 /* PBXContainerItemProxy */ = {
			isa = PBXContainerItemProxy;
			containerPortal = 180192B62BF6FABD002E6893 /* Project object */;
			proxyType = 1;
			remoteGlobalIDString = 180192BD2BF6FABD002E6893;
			remoteInfo = CirclePuzzle;
		};
		180192DF2BF6FABF002E6893 /* PBXContainerItemProxy */ = {
			isa = PBXContainerItemProxy;
			containerPortal = 180192B62BF6FABD002E6893 /* Project object */;
			proxyType = 1;
			remoteGlobalIDString = 180192BD2BF6FABD002E6893;
			remoteInfo = CirclePuzzle;
		};
/* End PBXContainerItemProxy section */

/* Begin PBXFileReference section */
		180192BE2BF6FABD002E6893 /* CalmPuzzle.app */ = {isa = PBXFileReference; explicitFileType = wrapper.application; includeInIndex = 0; path = CalmPuzzle.app; sourceTree = BUILT_PRODUCTS_DIR; };
		180192C12BF6FABD002E6893 /* AppDelegate.swift */ = {isa = PBXFileReference; lastKnownFileType = sourcecode.swift; path = AppDelegate.swift; sourceTree = "<group>"; };
		180192CA2BF6FABE002E6893 /* Assets.xcassets */ = {isa = PBXFileReference; lastKnownFileType = folder.assetcatalog; path = Assets.xcassets; sourceTree = "<group>"; };
		180192CD2BF6FABE002E6893 /* Base */ = {isa = PBXFileReference; lastKnownFileType = file.storyboard; name = Base; path = Base.lproj/LaunchScreen.storyboard; sourceTree = "<group>"; };
		180192CF2BF6FABE002E6893 /* Info.plist */ = {isa = PBXFileReference; lastKnownFileType = text.plist.xml; path = Info.plist; sourceTree = "<group>"; };
		180192D42BF6FABF002E6893 /* CalmPuzzleTests.xctest */ = {isa = PBXFileReference; explicitFileType = wrapper.cfbundle; includeInIndex = 0; path = CalmPuzzleTests.xctest; sourceTree = BUILT_PRODUCTS_DIR; };
		180192D82BF6FABF002E6893 /* CalmPuzzleTests.swift */ = {isa = PBXFileReference; lastKnownFileType = sourcecode.swift; path = CalmPuzzleTests.swift; sourceTree = "<group>"; };
		180192DE2BF6FABF002E6893 /* CalmPuzzleUITests.xctest */ = {isa = PBXFileReference; explicitFileType = wrapper.cfbundle; includeInIndex = 0; path = CalmPuzzleUITests.xctest; sourceTree = BUILT_PRODUCTS_DIR; };
		180192E22BF6FABF002E6893 /* CalmPuzzleUITests.swift */ = {isa = PBXFileReference; lastKnownFileType = sourcecode.swift; path = CalmPuzzleUITests.swift; sourceTree = "<group>"; };
		180192E42BF6FABF002E6893 /* CalmPuzzleUITestsLaunchTests.swift */ = {isa = PBXFileReference; lastKnownFileType = sourcecode.swift; path = CalmPuzzleUITestsLaunchTests.swift; sourceTree = "<group>"; };
		18069DB52C1A2D0B00CDEAB0 /* GoogleService-Info.plist */ = {isa = PBXFileReference; fileEncoding = 4; lastKnownFileType = text.plist.xml; path = "GoogleService-Info.plist"; sourceTree = "<group>"; };
		185E245F2C1225EA009C7C68 /* SettingsSection.swift */ = {isa = PBXFileReference; lastKnownFileType = sourcecode.swift; path = SettingsSection.swift; sourceTree = "<group>"; };
		185E24612C122E6F009C7C68 /* DifficultyViewController.swift */ = {isa = PBXFileReference; lastKnownFileType = sourcecode.swift; path = DifficultyViewController.swift; sourceTree = "<group>"; };
		185E24632C123196009C7C68 /* DifficultyViewModel.swift */ = {isa = PBXFileReference; lastKnownFileType = sourcecode.swift; path = DifficultyViewModel.swift; sourceTree = "<group>"; };
		185E24652C1231B7009C7C68 /* DifficultyRootView.swift */ = {isa = PBXFileReference; lastKnownFileType = sourcecode.swift; path = DifficultyRootView.swift; sourceTree = "<group>"; };
		185E24682C1384C4009C7C68 /* Difficulty.swift */ = {isa = PBXFileReference; lastKnownFileType = sourcecode.swift; path = Difficulty.swift; sourceTree = "<group>"; };
		185E246A2C13B8F7009C7C68 /* FirebasePuzzleDataStore.swift */ = {isa = PBXFileReference; lastKnownFileType = sourcecode.swift; path = FirebasePuzzleDataStore.swift; sourceTree = "<group>"; };
		185E3FD52BFFBEAB00E5E398 /* GameSessionViewModel.swift */ = {isa = PBXFileReference; lastKnownFileType = sourcecode.swift; path = GameSessionViewModel.swift; sourceTree = "<group>"; };
		185E3FD72BFFBEB300E5E398 /* GameSessionRootView.swift */ = {isa = PBXFileReference; lastKnownFileType = sourcecode.swift; path = GameSessionRootView.swift; sourceTree = "<group>"; };
		185E3FD92BFFBF1D00E5E398 /* GameSessionViewController.swift */ = {isa = PBXFileReference; lastKnownFileType = sourcecode.swift; path = GameSessionViewController.swift; sourceTree = "<group>"; };
		185E3FDB2BFFC04700E5E398 /* GameSessionContainer.swift */ = {isa = PBXFileReference; lastKnownFileType = sourcecode.swift; path = GameSessionContainer.swift; sourceTree = "<group>"; };
		185E3FDD2C00EF2B00E5E398 /* TileCell.swift */ = {isa = PBXFileReference; lastKnownFileType = sourcecode.swift; path = TileCell.swift; sourceTree = "<group>"; };
		185E3FDF2C06C63800E5E398 /* Tile.swift */ = {isa = PBXFileReference; lastKnownFileType = sourcecode.swift; path = Tile.swift; sourceTree = "<group>"; };
		185E3FE12C08CBBF00E5E398 /* field-of-flowers.jpg */ = {isa = PBXFileReference; lastKnownFileType = image.jpeg; name = "field-of-flowers.jpg"; path = "data/field-of-flowers.jpg"; sourceTree = SOURCE_ROOT; };
		185E3FE32C08EF3900E5E398 /* PremiumPackageID.swift */ = {isa = PBXFileReference; lastKnownFileType = sourcecode.swift; path = PremiumPackageID.swift; sourceTree = "<group>"; };
		185E3FE52C0E382800E5E398 /* StretchyHeaderLayout.swift */ = {isa = PBXFileReference; lastKnownFileType = sourcecode.swift; path = StretchyHeaderLayout.swift; sourceTree = "<group>"; };
		185E3FE72C0E39FB00E5E398 /* CustomHeaderView.swift */ = {isa = PBXFileReference; lastKnownFileType = sourcecode.swift; path = CustomHeaderView.swift; sourceTree = "<group>"; };
		186363942BFBA16100A330AF /* AppContainer.swift */ = {isa = PBXFileReference; lastKnownFileType = sourcecode.swift; path = AppContainer.swift; sourceTree = "<group>"; };
		186363962BFCDCC600A330AF /* Puzzle.swift */ = {isa = PBXFileReference; lastKnownFileType = sourcecode.swift; path = Puzzle.swift; sourceTree = "<group>"; };
		186363992BFCDF7800A330AF /* PuzzleCategory.swift */ = {isa = PBXFileReference; lastKnownFileType = sourcecode.swift; path = PuzzleCategory.swift; sourceTree = "<group>"; };
		1863639C2BFCDFD600A330AF /* PuzzleRepository.swift */ = {isa = PBXFileReference; lastKnownFileType = sourcecode.swift; path = PuzzleRepository.swift; sourceTree = "<group>"; };
		1863639E2BFCDFFC00A330AF /* PuzzleDataStore.swift */ = {isa = PBXFileReference; lastKnownFileType = sourcecode.swift; path = PuzzleDataStore.swift; sourceTree = "<group>"; };
		186363A02BFCE01500A330AF /* MockPuzzleDataStore.swift */ = {isa = PBXFileReference; lastKnownFileType = sourcecode.swift; path = MockPuzzleDataStore.swift; sourceTree = "<group>"; };
		186363A32BFCEB8D00A330AF /* UserProfileRepository.swift */ = {isa = PBXFileReference; lastKnownFileType = sourcecode.swift; path = UserProfileRepository.swift; sourceTree = "<group>"; };
		186363A52BFCEB9F00A330AF /* UserProfileDataStore.swift */ = {isa = PBXFileReference; lastKnownFileType = sourcecode.swift; path = UserProfileDataStore.swift; sourceTree = "<group>"; };
		186363A72BFCEBA900A330AF /* MockUserProfileDataStore.swift */ = {isa = PBXFileReference; lastKnownFileType = sourcecode.swift; path = MockUserProfileDataStore.swift; sourceTree = "<group>"; };
		186363A92BFCEC3300A330AF /* UserProfile.swift */ = {isa = PBXFileReference; lastKnownFileType = sourcecode.swift; path = UserProfile.swift; sourceTree = "<group>"; };
		186363AB2BFCF51B00A330AF /* MainViewModel.swift */ = {isa = PBXFileReference; lastKnownFileType = sourcecode.swift; path = MainViewModel.swift; sourceTree = "<group>"; };
		186363AD2BFD070800A330AF /* MainViewController.swift */ = {isa = PBXFileReference; lastKnownFileType = sourcecode.swift; path = MainViewController.swift; sourceTree = "<group>"; };
		186363AF2BFD0A5D00A330AF /* LaunchViewController.swift */ = {isa = PBXFileReference; lastKnownFileType = sourcecode.swift; path = LaunchViewController.swift; sourceTree = "<group>"; };
		186363B12BFD0A6600A330AF /* LaunchViewModel.swift */ = {isa = PBXFileReference; lastKnownFileType = sourcecode.swift; path = LaunchViewModel.swift; sourceTree = "<group>"; };
		186363B32BFD0AD600A330AF /* OnboardingViewController.swift */ = {isa = PBXFileReference; lastKnownFileType = sourcecode.swift; path = OnboardingViewController.swift; sourceTree = "<group>"; };
		186363B52BFD0B0500A330AF /* OnboardingContainer.swift */ = {isa = PBXFileReference; lastKnownFileType = sourcecode.swift; path = OnboardingContainer.swift; sourceTree = "<group>"; };
		186363B72BFD0D8B00A330AF /* OnboardingViewModel.swift */ = {isa = PBXFileReference; lastKnownFileType = sourcecode.swift; path = OnboardingViewModel.swift; sourceTree = "<group>"; };
		186363BB2BFD133B00A330AF /* BaseViewModel.swift */ = {isa = PBXFileReference; lastKnownFileType = sourcecode.swift; path = BaseViewModel.swift; sourceTree = "<group>"; };
		186363BD2BFD147800A330AF /* SignedInResponder.swift */ = {isa = PBXFileReference; lastKnownFileType = sourcecode.swift; path = SignedInResponder.swift; sourceTree = "<group>"; };
		186363BF2BFD148200A330AF /* NotSignedInResponder.swift */ = {isa = PBXFileReference; lastKnownFileType = sourcecode.swift; path = NotSignedInResponder.swift; sourceTree = "<group>"; };
		186363C12BFD165700A330AF /* SignedInContainer.swift */ = {isa = PBXFileReference; lastKnownFileType = sourcecode.swift; path = SignedInContainer.swift; sourceTree = "<group>"; };
		186363C32BFD449500A330AF /* LaunchRootView.swift */ = {isa = PBXFileReference; lastKnownFileType = sourcecode.swift; path = LaunchRootView.swift; sourceTree = "<group>"; };
		186363C62BFD44B400A330AF /* OnboardingRootView.swift */ = {isa = PBXFileReference; lastKnownFileType = sourcecode.swift; path = OnboardingRootView.swift; sourceTree = "<group>"; };
		186363CC2BFD45E500A330AF /* NiblessView.swift */ = {isa = PBXFileReference; lastKnownFileType = sourcecode.swift; path = NiblessView.swift; sourceTree = "<group>"; };
		186363CE2BFD45F000A330AF /* NiblessViewController.swift */ = {isa = PBXFileReference; lastKnownFileType = sourcecode.swift; path = NiblessViewController.swift; sourceTree = "<group>"; };
		186363D02BFD475500A330AF /* UIViewController+ErrorPresentation.swift */ = {isa = PBXFileReference; lastKnownFileType = sourcecode.swift; path = "UIViewController+ErrorPresentation.swift"; sourceTree = "<group>"; };
		186363D22BFD481200A330AF /* ErrorMessage.swift */ = {isa = PBXFileReference; lastKnownFileType = sourcecode.swift; path = ErrorMessage.swift; sourceTree = "<group>"; };
		186363D42BFD481C00A330AF /* ErrorPresentation.swift */ = {isa = PBXFileReference; lastKnownFileType = sourcecode.swift; path = ErrorPresentation.swift; sourceTree = "<group>"; };
		186363D62BFD48A300A330AF /* Secret.swift */ = {isa = PBXFileReference; lastKnownFileType = sourcecode.swift; path = Secret.swift; sourceTree = "<group>"; };
		186363D82BFD48C900A330AF /* PuzzleID.swift */ = {isa = PBXFileReference; lastKnownFileType = sourcecode.swift; path = PuzzleID.swift; sourceTree = "<group>"; };
		186363DA2BFD498700A330AF /* ViewControllerContainment.swift */ = {isa = PBXFileReference; lastKnownFileType = sourcecode.swift; path = ViewControllerContainment.swift; sourceTree = "<group>"; };
		186363DC2BFD49CB00A330AF /* ErrorMessagePresentation.swift */ = {isa = PBXFileReference; lastKnownFileType = sourcecode.swift; path = ErrorMessagePresentation.swift; sourceTree = "<group>"; };
		186363DF2BFD4B5D00A330AF /* Color.swift */ = {isa = PBXFileReference; lastKnownFileType = sourcecode.swift; path = Color.swift; sourceTree = "<group>"; };
		186363E12BFD4B6500A330AF /* UIColor+Hex.swift */ = {isa = PBXFileReference; lastKnownFileType = sourcecode.swift; path = "UIColor+Hex.swift"; sourceTree = "<group>"; };
		186363E32BFD539400A330AF /* MainView.swift */ = {isa = PBXFileReference; lastKnownFileType = sourcecode.swift; path = MainView.swift; sourceTree = "<group>"; };
		186363E52BFD5A6900A330AF /* FirebaseUserProfileDataStore.swift */ = {isa = PBXFileReference; lastKnownFileType = sourcecode.swift; path = FirebaseUserProfileDataStore.swift; sourceTree = "<group>"; };
		186363E82BFE395200A330AF /* NiblessTabBarController.swift */ = {isa = PBXFileReference; lastKnownFileType = sourcecode.swift; path = NiblessTabBarController.swift; sourceTree = "<group>"; };
		186363F02BFE3C8F00A330AF /* BrowseViewController.swift */ = {isa = PBXFileReference; lastKnownFileType = sourcecode.swift; path = BrowseViewController.swift; sourceTree = "<group>"; };
		186363F22BFE3C9700A330AF /* BrowseRootView.swift */ = {isa = PBXFileReference; lastKnownFileType = sourcecode.swift; path = BrowseRootView.swift; sourceTree = "<group>"; };
		186363F42BFE3CA600A330AF /* BrowseViewModel.swift */ = {isa = PBXFileReference; lastKnownFileType = sourcecode.swift; path = BrowseViewModel.swift; sourceTree = "<group>"; };
		186363F62BFE3CB700A330AF /* DailyPuzzleViewController.swift */ = {isa = PBXFileReference; lastKnownFileType = sourcecode.swift; path = DailyPuzzleViewController.swift; sourceTree = "<group>"; };
		186363F82BFE3CC300A330AF /* DailyPuzzleRootView.swift */ = {isa = PBXFileReference; lastKnownFileType = sourcecode.swift; path = DailyPuzzleRootView.swift; sourceTree = "<group>"; };
		186363FA2BFE3CCC00A330AF /* DailyPuzzleViewModel.swift */ = {isa = PBXFileReference; lastKnownFileType = sourcecode.swift; path = DailyPuzzleViewModel.swift; sourceTree = "<group>"; };
		186363FC2BFE3CD700A330AF /* ShopViewController.swift */ = {isa = PBXFileReference; lastKnownFileType = sourcecode.swift; path = ShopViewController.swift; sourceTree = "<group>"; };
		186363FE2BFE3CDF00A330AF /* ShopRootView.swift */ = {isa = PBXFileReference; lastKnownFileType = sourcecode.swift; path = ShopRootView.swift; sourceTree = "<group>"; };
		186364002BFE3CE500A330AF /* ShopViewModel.swift */ = {isa = PBXFileReference; lastKnownFileType = sourcecode.swift; path = ShopViewModel.swift; sourceTree = "<group>"; };
		186364022BFE3CEE00A330AF /* MyPuzzlesViewController.swift */ = {isa = PBXFileReference; lastKnownFileType = sourcecode.swift; path = MyPuzzlesViewController.swift; sourceTree = "<group>"; };
		186364042BFE3CF800A330AF /* MyPuzzlesRootView.swift */ = {isa = PBXFileReference; lastKnownFileType = sourcecode.swift; path = MyPuzzlesRootView.swift; sourceTree = "<group>"; };
		186364062BFE3CFF00A330AF /* MyPuzzlesViewModel.swift */ = {isa = PBXFileReference; lastKnownFileType = sourcecode.swift; path = MyPuzzlesViewModel.swift; sourceTree = "<group>"; };
		186364082BFE3D0800A330AF /* SettingsViewController.swift */ = {isa = PBXFileReference; lastKnownFileType = sourcecode.swift; path = SettingsViewController.swift; sourceTree = "<group>"; };
		1863640A2BFE3D1200A330AF /* SettingsRootView.swift */ = {isa = PBXFileReference; lastKnownFileType = sourcecode.swift; path = SettingsRootView.swift; sourceTree = "<group>"; };
		1863640C2BFE3D2A00A330AF /* SettingsViewModel.swift */ = {isa = PBXFileReference; lastKnownFileType = sourcecode.swift; path = SettingsViewModel.swift; sourceTree = "<group>"; };
		186364102BFE4D5900A330AF /* SignedInViewController.swift */ = {isa = PBXFileReference; lastKnownFileType = sourcecode.swift; path = SignedInViewController.swift; sourceTree = "<group>"; };
		186364122BFE4E5400A330AF /* BaseRootView.swift */ = {isa = PBXFileReference; lastKnownFileType = sourcecode.swift; path = BaseRootView.swift; sourceTree = "<group>"; };
		186364162BFF9A6B00A330AF /* CategoryCell.swift */ = {isa = PBXFileReference; lastKnownFileType = sourcecode.swift; path = CategoryCell.swift; sourceTree = "<group>"; };
		186364182BFFB41A00A330AF /* PuzzleTileCell.swift */ = {isa = PBXFileReference; lastKnownFileType = sourcecode.swift; path = PuzzleTileCell.swift; sourceTree = "<group>"; };
		1863641A2BFFB78D00A330AF /* merchant.png */ = {isa = PBXFileReference; lastKnownFileType = image.png; path = merchant.png; sourceTree = "<group>"; };
		18681C472C120B0400CA5BE8 /* SettingsCell.swift */ = {isa = PBXFileReference; lastKnownFileType = sourcecode.swift; path = SettingsCell.swift; sourceTree = "<group>"; };
		18FEC9342C1B652E002D9649 /* Authenticator.swift */ = {isa = PBXFileReference; lastKnownFileType = sourcecode.swift; path = Authenticator.swift; sourceTree = "<group>"; };
		18FEC9362C1C9E4B002D9649 /* NetworkReachability.swift */ = {isa = PBXFileReference; lastKnownFileType = sourcecode.swift; path = NetworkReachability.swift; sourceTree = "<group>"; };
/* End PBXFileReference section */

/* Begin PBXFrameworksBuildPhase section */
		180192BB2BF6FABD002E6893 /* Frameworks */ = {
			isa = PBXFrameworksBuildPhase;
			buildActionMask = 2147483647;
			files = (
				18FEC92B2C1A43B3002D9649 /* FirebaseMessaging in Frameworks */,
				18FEC9292C1A43B3002D9649 /* FirebaseInstallations in Frameworks */,
				18FEC91B2C1A43B3002D9649 /* FirebaseAppCheck in Frameworks */,
				18FEC92F2C1A43B3002D9649 /* FirebaseRemoteConfig in Frameworks */,
				18FEC91D2C1A43B3002D9649 /* FirebaseAuth in Frameworks */,
				18FEC9332C1A43B3002D9649 /* FirebaseStorage in Frameworks */,
				18FEC9192C1A43B3002D9649 /* FirebaseAnalyticsSwift in Frameworks */,
				18FEC91F2C1A43B3002D9649 /* FirebaseCrashlytics in Frameworks */,
				18FEC9152C1A43B3002D9649 /* FirebaseAnalytics in Frameworks */,
				18FEC9232C1A43B3002D9649 /* FirebaseFirestore in Frameworks */,
				18FEC9212C1A43B3002D9649 /* FirebaseDynamicLinks in Frameworks */,
				18FEC9272C1A43B3002D9649 /* FirebaseFunctions in Frameworks */,
				18FEC92D2C1A43B3002D9649 /* FirebasePerformance in Frameworks */,
				18FEC9312C1A43B3002D9649 /* FirebaseRemoteConfigSwift in Frameworks */,
				18FEC9172C1A43B3002D9649 /* FirebaseAnalyticsOnDeviceConversion in Frameworks */,
				18FEC9252C1A43B3002D9649 /* FirebaseFirestoreSwift in Frameworks */,
			);
			runOnlyForDeploymentPostprocessing = 0;
		};
		180192D12BF6FABF002E6893 /* Frameworks */ = {
			isa = PBXFrameworksBuildPhase;
			buildActionMask = 2147483647;
			files = (
			);
			runOnlyForDeploymentPostprocessing = 0;
		};
		180192DB2BF6FABF002E6893 /* Frameworks */ = {
			isa = PBXFrameworksBuildPhase;
			buildActionMask = 2147483647;
			files = (
			);
			runOnlyForDeploymentPostprocessing = 0;
		};
/* End PBXFrameworksBuildPhase section */

/* Begin PBXGroup section */
		180192B52BF6FABD002E6893 = {
			isa = PBXGroup;
			children = (
				180192C02BF6FABD002E6893 /* CalmPuzzle */,
				180192D72BF6FABF002E6893 /* CalmPuzzleTests */,
				180192E12BF6FABF002E6893 /* CalmPuzzleUITests */,
				180192BF2BF6FABD002E6893 /* Products */,
			);
			sourceTree = "<group>";
		};
		180192BF2BF6FABD002E6893 /* Products */ = {
			isa = PBXGroup;
			children = (
				180192BE2BF6FABD002E6893 /* CalmPuzzle.app */,
				180192D42BF6FABF002E6893 /* CalmPuzzleTests.xctest */,
				180192DE2BF6FABF002E6893 /* CalmPuzzleUITests.xctest */,
			);
			name = Products;
			sourceTree = "<group>";
		};
		180192C02BF6FABD002E6893 /* CalmPuzzle */ = {
			isa = PBXGroup;
			children = (
				180192C12BF6FABD002E6893 /* AppDelegate.swift */,
				186363942BFBA16100A330AF /* AppContainer.swift */,
				186363AB2BFCF51B00A330AF /* MainViewModel.swift */,
				186363E32BFD539400A330AF /* MainView.swift */,
				186363AD2BFD070800A330AF /* MainViewController.swift */,
				18FEC9362C1C9E4B002D9649 /* NetworkReachability.swift */,
				186363E72BFE2DD800A330AF /* UIKit */,
				186363CB2BFD454C00A330AF /* UI */,
				186363CA2BFD452300A330AF /* Data */,
				180192CA2BF6FABE002E6893 /* Assets.xcassets */,
				180192CC2BF6FABE002E6893 /* LaunchScreen.storyboard */,
				180192CF2BF6FABE002E6893 /* Info.plist */,
				18069DB52C1A2D0B00CDEAB0 /* GoogleService-Info.plist */,
			);
			path = CalmPuzzle;
			sourceTree = "<group>";
		};
		180192D72BF6FABF002E6893 /* CalmPuzzleTests */ = {
			isa = PBXGroup;
			children = (
				180192D82BF6FABF002E6893 /* CalmPuzzleTests.swift */,
			);
			path = CalmPuzzleTests;
			sourceTree = "<group>";
		};
		180192E12BF6FABF002E6893 /* CalmPuzzleUITests */ = {
			isa = PBXGroup;
			children = (
				180192E22BF6FABF002E6893 /* CalmPuzzleUITests.swift */,
				180192E42BF6FABF002E6893 /* CalmPuzzleUITestsLaunchTests.swift */,
			);
			path = CalmPuzzleUITests;
			sourceTree = "<group>";
		};
		185E24672C12324C009C7C68 /* Difficulty */ = {
			isa = PBXGroup;
			children = (
				185E24612C122E6F009C7C68 /* DifficultyViewController.swift */,
				185E24652C1231B7009C7C68 /* DifficultyRootView.swift */,
				185E24632C123196009C7C68 /* DifficultyViewModel.swift */,
			);
			path = Difficulty;
			sourceTree = "<group>";
		};
		186363982BFCDF6500A330AF /* Models */ = {
			isa = PBXGroup;
			children = (
				186363962BFCDCC600A330AF /* Puzzle.swift */,
				186363992BFCDF7800A330AF /* PuzzleCategory.swift */,
				185E24682C1384C4009C7C68 /* Difficulty.swift */,
				186363A92BFCEC3300A330AF /* UserProfile.swift */,
				186363D22BFD481200A330AF /* ErrorMessage.swift */,
				186363D42BFD481C00A330AF /* ErrorPresentation.swift */,
				186363D62BFD48A300A330AF /* Secret.swift */,
				186363D82BFD48C900A330AF /* PuzzleID.swift */,
				185E3FE32C08EF3900E5E398 /* PremiumPackageID.swift */,
				185E3FDF2C06C63800E5E398 /* Tile.swift */,
			);
			path = Models;
			sourceTree = "<group>";
		};
		1863639B2BFCDF8C00A330AF /* PuzzleService */ = {
			isa = PBXGroup;
			children = (
				1863639C2BFCDFD600A330AF /* PuzzleRepository.swift */,
				1863639E2BFCDFFC00A330AF /* PuzzleDataStore.swift */,
				186363A02BFCE01500A330AF /* MockPuzzleDataStore.swift */,
				185E246A2C13B8F7009C7C68 /* FirebasePuzzleDataStore.swift */,
			);
			path = PuzzleService;
			sourceTree = "<group>";
		};
		186363A22BFCEB6D00A330AF /* UserProfileService */ = {
			isa = PBXGroup;
			children = (
				186363A32BFCEB8D00A330AF /* UserProfileRepository.swift */,
				186363A52BFCEB9F00A330AF /* UserProfileDataStore.swift */,
				186363A72BFCEBA900A330AF /* MockUserProfileDataStore.swift */,
				186363E52BFD5A6900A330AF /* FirebaseUserProfileDataStore.swift */,
			);
			path = UserProfileService;
			sourceTree = "<group>";
		};
		186363C52BFD449F00A330AF /* Launch */ = {
			isa = PBXGroup;
			children = (
				186363AF2BFD0A5D00A330AF /* LaunchViewController.swift */,
				186363C32BFD449500A330AF /* LaunchRootView.swift */,
				186363B12BFD0A6600A330AF /* LaunchViewModel.swift */,
				18FEC9342C1B652E002D9649 /* Authenticator.swift */,
			);
			path = Launch;
			sourceTree = "<group>";
		};
		186363C82BFD44BA00A330AF /* Onboarding */ = {
			isa = PBXGroup;
			children = (
				186363B52BFD0B0500A330AF /* OnboardingContainer.swift */,
				186363B32BFD0AD600A330AF /* OnboardingViewController.swift */,
				186363C62BFD44B400A330AF /* OnboardingRootView.swift */,
				186363B72BFD0D8B00A330AF /* OnboardingViewModel.swift */,
			);
			path = Onboarding;
			sourceTree = "<group>";
		};
		186363C92BFD44D600A330AF /* SignedIn */ = {
			isa = PBXGroup;
			children = (
				186363C12BFD165700A330AF /* SignedInContainer.swift */,
				186364102BFE4D5900A330AF /* SignedInViewController.swift */,
				186363BD2BFD147800A330AF /* SignedInResponder.swift */,
				186363BF2BFD148200A330AF /* NotSignedInResponder.swift */,
			);
			path = SignedIn;
			sourceTree = "<group>";
		};
		186363CA2BFD452300A330AF /* Data */ = {
			isa = PBXGroup;
			children = (
				186364152BFF8C5300A330AF /* LocalImageStorage */,
				186363A22BFCEB6D00A330AF /* UserProfileService */,
				1863639B2BFCDF8C00A330AF /* PuzzleService */,
				186363982BFCDF6500A330AF /* Models */,
			);
			path = Data;
			sourceTree = "<group>";
		};
		186363CB2BFD454C00A330AF /* UI */ = {
			isa = PBXGroup;
			children = (
				186363DE2BFD4A9900A330AF /* Style */,
				186363C52BFD449F00A330AF /* Launch */,
				186363C82BFD44BA00A330AF /* Onboarding */,
				186363C92BFD44D600A330AF /* SignedIn */,
				186364142BFE607100A330AF /* Tabs */,
				186363ED2BFE3BFC00A330AF /* Settings */,
				186363EF2BFE3C2C00A330AF /* GameSession */,
			);
			path = UI;
			sourceTree = "<group>";
		};
		186363DE2BFD4A9900A330AF /* Style */ = {
			isa = PBXGroup;
			children = (
				186363DF2BFD4B5D00A330AF /* Color.swift */,
				186363E12BFD4B6500A330AF /* UIColor+Hex.swift */,
			);
			path = Style;
			sourceTree = "<group>";
		};
		186363E72BFE2DD800A330AF /* UIKit */ = {
			isa = PBXGroup;
			children = (
				186363CC2BFD45E500A330AF /* NiblessView.swift */,
				186363CE2BFD45F000A330AF /* NiblessViewController.swift */,
				186363E82BFE395200A330AF /* NiblessTabBarController.swift */,
				186363DA2BFD498700A330AF /* ViewControllerContainment.swift */,
				186363D02BFD475500A330AF /* UIViewController+ErrorPresentation.swift */,
				186363DC2BFD49CB00A330AF /* ErrorMessagePresentation.swift */,
			);
			path = UIKit;
			sourceTree = "<group>";
		};
		186363EA2BFE3BB400A330AF /* Browse */ = {
			isa = PBXGroup;
			children = (
				186363F02BFE3C8F00A330AF /* BrowseViewController.swift */,
				186363F22BFE3C9700A330AF /* BrowseRootView.swift */,
				186363F42BFE3CA600A330AF /* BrowseViewModel.swift */,
				186364162BFF9A6B00A330AF /* CategoryCell.swift */,
				186364182BFFB41A00A330AF /* PuzzleTileCell.swift */,
				185E3FE52C0E382800E5E398 /* StretchyHeaderLayout.swift */,
				185E3FE72C0E39FB00E5E398 /* CustomHeaderView.swift */,
			);
			path = Browse;
			sourceTree = "<group>";
		};
		186363EB2BFE3BBD00A330AF /* DailyPuzzle */ = {
			isa = PBXGroup;
			children = (
				186363F62BFE3CB700A330AF /* DailyPuzzleViewController.swift */,
				186363F82BFE3CC300A330AF /* DailyPuzzleRootView.swift */,
				186363FA2BFE3CCC00A330AF /* DailyPuzzleViewModel.swift */,
			);
			path = DailyPuzzle;
			sourceTree = "<group>";
		};
		186363EC2BFE3BF100A330AF /* Shop */ = {
			isa = PBXGroup;
			children = (
				186363FC2BFE3CD700A330AF /* ShopViewController.swift */,
				186363FE2BFE3CDF00A330AF /* ShopRootView.swift */,
				186364002BFE3CE500A330AF /* ShopViewModel.swift */,
			);
			path = Shop;
			sourceTree = "<group>";
		};
		186363ED2BFE3BFC00A330AF /* Settings */ = {
			isa = PBXGroup;
			children = (
				186364082BFE3D0800A330AF /* SettingsViewController.swift */,
				1863640A2BFE3D1200A330AF /* SettingsRootView.swift */,
				1863640C2BFE3D2A00A330AF /* SettingsViewModel.swift */,
				18681C472C120B0400CA5BE8 /* SettingsCell.swift */,
				185E245F2C1225EA009C7C68 /* SettingsSection.swift */,
				185E24672C12324C009C7C68 /* Difficulty */,
			);
			path = Settings;
			sourceTree = "<group>";
		};
		186363EE2BFE3C1200A330AF /* MyPuzzles */ = {
			isa = PBXGroup;
			children = (
				186364022BFE3CEE00A330AF /* MyPuzzlesViewController.swift */,
				186364042BFE3CF800A330AF /* MyPuzzlesRootView.swift */,
				186364062BFE3CFF00A330AF /* MyPuzzlesViewModel.swift */,
			);
			path = MyPuzzles;
			sourceTree = "<group>";
		};
		186363EF2BFE3C2C00A330AF /* GameSession */ = {
			isa = PBXGroup;
			children = (
				185E3FDB2BFFC04700E5E398 /* GameSessionContainer.swift */,
				185E3FD92BFFBF1D00E5E398 /* GameSessionViewController.swift */,
				185E3FD72BFFBEB300E5E398 /* GameSessionRootView.swift */,
				185E3FD52BFFBEAB00E5E398 /* GameSessionViewModel.swift */,
				185E3FDD2C00EF2B00E5E398 /* TileCell.swift */,
			);
			path = GameSession;
			sourceTree = "<group>";
		};
		186364142BFE607100A330AF /* Tabs */ = {
			isa = PBXGroup;
			children = (
				186364122BFE4E5400A330AF /* BaseRootView.swift */,
				186363BB2BFD133B00A330AF /* BaseViewModel.swift */,
				186363EA2BFE3BB400A330AF /* Browse */,
				186363EB2BFE3BBD00A330AF /* DailyPuzzle */,
				186363EC2BFE3BF100A330AF /* Shop */,
				186363EE2BFE3C1200A330AF /* MyPuzzles */,
			);
			path = Tabs;
			sourceTree = "<group>";
		};
		186364152BFF8C5300A330AF /* LocalImageStorage */ = {
			isa = PBXGroup;
			children = (
				185E3FE12C08CBBF00E5E398 /* field-of-flowers.jpg */,
				1863641A2BFFB78D00A330AF /* merchant.png */,
			);
			path = LocalImageStorage;
			sourceTree = "<group>";
		};
/* End PBXGroup section */

/* Begin PBXNativeTarget section */
		180192BD2BF6FABD002E6893 /* CalmPuzzle */ = {
			isa = PBXNativeTarget;
			buildConfigurationList = 180192E82BF6FABF002E6893 /* Build configuration list for PBXNativeTarget "CalmPuzzle" */;
			buildPhases = (
				180192BA2BF6FABD002E6893 /* Sources */,
				180192BB2BF6FABD002E6893 /* Frameworks */,
				180192BC2BF6FABD002E6893 /* Resources */,
			);
			buildRules = (
			);
			dependencies = (
			);
			name = CalmPuzzle;
			packageProductDependencies = (
				18FEC9142C1A43B3002D9649 /* FirebaseAnalytics */,
				18FEC9162C1A43B3002D9649 /* FirebaseAnalyticsOnDeviceConversion */,
				18FEC9182C1A43B3002D9649 /* FirebaseAnalyticsSwift */,
				18FEC91A2C1A43B3002D9649 /* FirebaseAppCheck */,
				18FEC91C2C1A43B3002D9649 /* FirebaseAuth */,
				18FEC91E2C1A43B3002D9649 /* FirebaseCrashlytics */,
				18FEC9202C1A43B3002D9649 /* FirebaseDynamicLinks */,
				18FEC9222C1A43B3002D9649 /* FirebaseFirestore */,
				18FEC9242C1A43B3002D9649 /* FirebaseFirestoreSwift */,
				18FEC9262C1A43B3002D9649 /* FirebaseFunctions */,
				18FEC9282C1A43B3002D9649 /* FirebaseInstallations */,
				18FEC92A2C1A43B3002D9649 /* FirebaseMessaging */,
				18FEC92C2C1A43B3002D9649 /* FirebasePerformance */,
				18FEC92E2C1A43B3002D9649 /* FirebaseRemoteConfig */,
				18FEC9302C1A43B3002D9649 /* FirebaseRemoteConfigSwift */,
				18FEC9322C1A43B3002D9649 /* FirebaseStorage */,
			);
			productName = CirclePuzzle;
			productReference = 180192BE2BF6FABD002E6893 /* CalmPuzzle.app */;
			productType = "com.apple.product-type.application";
		};
		180192D32BF6FABF002E6893 /* CalmPuzzleTests */ = {
			isa = PBXNativeTarget;
			buildConfigurationList = 180192EB2BF6FABF002E6893 /* Build configuration list for PBXNativeTarget "CalmPuzzleTests" */;
			buildPhases = (
				180192D02BF6FABF002E6893 /* Sources */,
				180192D12BF6FABF002E6893 /* Frameworks */,
				180192D22BF6FABF002E6893 /* Resources */,
			);
			buildRules = (
			);
			dependencies = (
				180192D62BF6FABF002E6893 /* PBXTargetDependency */,
			);
			name = CalmPuzzleTests;
			productName = CirclePuzzleTests;
			productReference = 180192D42BF6FABF002E6893 /* CalmPuzzleTests.xctest */;
			productType = "com.apple.product-type.bundle.unit-test";
		};
		180192DD2BF6FABF002E6893 /* CalmPuzzleUITests */ = {
			isa = PBXNativeTarget;
			buildConfigurationList = 180192EE2BF6FABF002E6893 /* Build configuration list for PBXNativeTarget "CalmPuzzleUITests" */;
			buildPhases = (
				180192DA2BF6FABF002E6893 /* Sources */,
				180192DB2BF6FABF002E6893 /* Frameworks */,
				180192DC2BF6FABF002E6893 /* Resources */,
			);
			buildRules = (
			);
			dependencies = (
				180192E02BF6FABF002E6893 /* PBXTargetDependency */,
			);
			name = CalmPuzzleUITests;
			productName = CirclePuzzleUITests;
			productReference = 180192DE2BF6FABF002E6893 /* CalmPuzzleUITests.xctest */;
			productType = "com.apple.product-type.bundle.ui-testing";
		};
/* End PBXNativeTarget section */

/* Begin PBXProject section */
		180192B62BF6FABD002E6893 /* Project object */ = {
			isa = PBXProject;
			attributes = {
				BuildIndependentTargetsInParallel = 1;
				LastSwiftUpdateCheck = 1500;
				LastUpgradeCheck = 1500;
				TargetAttributes = {
					180192BD2BF6FABD002E6893 = {
						CreatedOnToolsVersion = 15.0.1;
					};
					180192D32BF6FABF002E6893 = {
						CreatedOnToolsVersion = 15.0.1;
						TestTargetID = 180192BD2BF6FABD002E6893;
					};
					180192DD2BF6FABF002E6893 = {
						CreatedOnToolsVersion = 15.0.1;
						TestTargetID = 180192BD2BF6FABD002E6893;
					};
				};
			};
			buildConfigurationList = 180192B92BF6FABD002E6893 /* Build configuration list for PBXProject "CalmPuzzle" */;
			compatibilityVersion = "Xcode 14.0";
			developmentRegion = en;
			hasScannedForEncodings = 0;
			knownRegions = (
				en,
				Base,
			);
			mainGroup = 180192B52BF6FABD002E6893;
			packageReferences = (
				18FEC9132C1A43B3002D9649 /* XCRemoteSwiftPackageReference "firebase-ios-sdk" */,
			);
			productRefGroup = 180192BF2BF6FABD002E6893 /* Products */;
			projectDirPath = "";
			projectRoot = "";
			targets = (
				180192BD2BF6FABD002E6893 /* CalmPuzzle */,
				180192D32BF6FABF002E6893 /* CalmPuzzleTests */,
				180192DD2BF6FABF002E6893 /* CalmPuzzleUITests */,
			);
		};
/* End PBXProject section */

/* Begin PBXResourcesBuildPhase section */
		180192BC2BF6FABD002E6893 /* Resources */ = {
			isa = PBXResourcesBuildPhase;
			buildActionMask = 2147483647;
			files = (
				185E3FE22C08CBC000E5E398 /* field-of-flowers.jpg in Resources */,
				1863641B2BFFB78E00A330AF /* merchant.png in Resources */,
				18069DB62C1A2D0B00CDEAB0 /* GoogleService-Info.plist in Resources */,
				180192CE2BF6FABE002E6893 /* LaunchScreen.storyboard in Resources */,
				180192CB2BF6FABE002E6893 /* Assets.xcassets in Resources */,
			);
			runOnlyForDeploymentPostprocessing = 0;
		};
		180192D22BF6FABF002E6893 /* Resources */ = {
			isa = PBXResourcesBuildPhase;
			buildActionMask = 2147483647;
			files = (
				18069DB72C1A2D0B00CDEAB0 /* GoogleService-Info.plist in Resources */,
			);
			runOnlyForDeploymentPostprocessing = 0;
		};
		180192DC2BF6FABF002E6893 /* Resources */ = {
			isa = PBXResourcesBuildPhase;
			buildActionMask = 2147483647;
			files = (
				18069DB82C1A2D0B00CDEAB0 /* GoogleService-Info.plist in Resources */,
			);
			runOnlyForDeploymentPostprocessing = 0;
		};
/* End PBXResourcesBuildPhase section */

/* Begin PBXSourcesBuildPhase section */
		180192BA2BF6FABD002E6893 /* Sources */ = {
			isa = PBXSourcesBuildPhase;
			buildActionMask = 2147483647;
			files = (
				185E24692C1384C4009C7C68 /* Difficulty.swift in Sources */,
				185E3FE62C0E382800E5E398 /* StretchyHeaderLayout.swift in Sources */,
				186363FD2BFE3CD700A330AF /* ShopViewController.swift in Sources */,
				186363F32BFE3C9700A330AF /* BrowseRootView.swift in Sources */,
				186363E92BFE395200A330AF /* NiblessTabBarController.swift in Sources */,
				186363972BFCDCC600A330AF /* Puzzle.swift in Sources */,
				186364132BFE4E5400A330AF /* BaseRootView.swift in Sources */,
				186363E42BFD539400A330AF /* MainView.swift in Sources */,
				186363E62BFD5A6A00A330AF /* FirebaseUserProfileDataStore.swift in Sources */,
				186363C22BFD165700A330AF /* SignedInContainer.swift in Sources */,
				185E3FDA2BFFBF1D00E5E398 /* GameSessionViewController.swift in Sources */,
				186363B62BFD0B0500A330AF /* OnboardingContainer.swift in Sources */,
				186363DD2BFD49CB00A330AF /* ErrorMessagePresentation.swift in Sources */,
				186363D72BFD48A300A330AF /* Secret.swift in Sources */,
				18FEC9372C1C9E4B002D9649 /* NetworkReachability.swift in Sources */,
				186363D32BFD481200A330AF /* ErrorMessage.swift in Sources */,
				185E3FE82C0E39FB00E5E398 /* CustomHeaderView.swift in Sources */,
				186363F92BFE3CC300A330AF /* DailyPuzzleRootView.swift in Sources */,
				1863640B2BFE3D1200A330AF /* SettingsRootView.swift in Sources */,
				186364012BFE3CE600A330AF /* ShopViewModel.swift in Sources */,
				186364112BFE4D5900A330AF /* SignedInViewController.swift in Sources */,
				1863639F2BFCDFFC00A330AF /* PuzzleDataStore.swift in Sources */,
				185E3FD82BFFBEB300E5E398 /* GameSessionRootView.swift in Sources */,
				186363BE2BFD147800A330AF /* SignedInResponder.swift in Sources */,
				186363FB2BFE3CCC00A330AF /* DailyPuzzleViewModel.swift in Sources */,
				186363DB2BFD498700A330AF /* ViewControllerContainment.swift in Sources */,
				186364172BFF9A6B00A330AF /* CategoryCell.swift in Sources */,
				186364032BFE3CEE00A330AF /* MyPuzzlesViewController.swift in Sources */,
				186363F52BFE3CA600A330AF /* BrowseViewModel.swift in Sources */,
				186363E02BFD4B5D00A330AF /* Color.swift in Sources */,
				186363D92BFD48C900A330AF /* PuzzleID.swift in Sources */,
				185E24642C123196009C7C68 /* DifficultyViewModel.swift in Sources */,
				186363A82BFCEBA900A330AF /* MockUserProfileDataStore.swift in Sources */,
				185E3FD62BFFBEAB00E5E398 /* GameSessionViewModel.swift in Sources */,
				18FEC9352C1B652E002D9649 /* Authenticator.swift in Sources */,
				185E3FDE2C00EF2B00E5E398 /* TileCell.swift in Sources */,
				186363FF2BFE3CDF00A330AF /* ShopRootView.swift in Sources */,
				186363F12BFE3C8F00A330AF /* BrowseViewController.swift in Sources */,
				186364072BFE3CFF00A330AF /* MyPuzzlesViewModel.swift in Sources */,
				186363952BFBA16100A330AF /* AppContainer.swift in Sources */,
				186363CF2BFD45F000A330AF /* NiblessViewController.swift in Sources */,
				1863640D2BFE3D2A00A330AF /* SettingsViewModel.swift in Sources */,
				185E3FE42C08EF3900E5E398 /* PremiumPackageID.swift in Sources */,
				1863639A2BFCDF7800A330AF /* PuzzleCategory.swift in Sources */,
				1863639D2BFCDFD600A330AF /* PuzzleRepository.swift in Sources */,
				186363BC2BFD133B00A330AF /* BaseViewModel.swift in Sources */,
				186363B42BFD0AD600A330AF /* OnboardingViewController.swift in Sources */,
				186363B22BFD0A6600A330AF /* LaunchViewModel.swift in Sources */,
				185E246B2C13B8F7009C7C68 /* FirebasePuzzleDataStore.swift in Sources */,
				186363AC2BFCF51B00A330AF /* MainViewModel.swift in Sources */,
				186364192BFFB41A00A330AF /* PuzzleTileCell.swift in Sources */,
				186363A42BFCEB8D00A330AF /* UserProfileRepository.swift in Sources */,
				186363AE2BFD070800A330AF /* MainViewController.swift in Sources */,
				186364052BFE3CF800A330AF /* MyPuzzlesRootView.swift in Sources */,
				186363C42BFD449500A330AF /* LaunchRootView.swift in Sources */,
				180192C22BF6FABD002E6893 /* AppDelegate.swift in Sources */,
				186363CD2BFD45E500A330AF /* NiblessView.swift in Sources */,
				186363D12BFD475500A330AF /* UIViewController+ErrorPresentation.swift in Sources */,
				185E24602C1225EA009C7C68 /* SettingsSection.swift in Sources */,
				18681C482C120B0400CA5BE8 /* SettingsCell.swift in Sources */,
				185E3FE02C06C63800E5E398 /* Tile.swift in Sources */,
				186363C02BFD148200A330AF /* NotSignedInResponder.swift in Sources */,
				186364092BFE3D0800A330AF /* SettingsViewController.swift in Sources */,
				185E3FDC2BFFC04700E5E398 /* GameSessionContainer.swift in Sources */,
				185E24622C122E6F009C7C68 /* DifficultyViewController.swift in Sources */,
				186363D52BFD481C00A330AF /* ErrorPresentation.swift in Sources */,
				186363A62BFCEB9F00A330AF /* UserProfileDataStore.swift in Sources */,
				186363B82BFD0D8B00A330AF /* OnboardingViewModel.swift in Sources */,
				186363A12BFCE01500A330AF /* MockPuzzleDataStore.swift in Sources */,
				186363E22BFD4B6500A330AF /* UIColor+Hex.swift in Sources */,
				186363C72BFD44B500A330AF /* OnboardingRootView.swift in Sources */,
				186363AA2BFCEC3300A330AF /* UserProfile.swift in Sources */,
				185E24662C1231B7009C7C68 /* DifficultyRootView.swift in Sources */,
				186363F72BFE3CB700A330AF /* DailyPuzzleViewController.swift in Sources */,
				186363B02BFD0A5D00A330AF /* LaunchViewController.swift in Sources */,
			);
			runOnlyForDeploymentPostprocessing = 0;
		};
		180192D02BF6FABF002E6893 /* Sources */ = {
			isa = PBXSourcesBuildPhase;
			buildActionMask = 2147483647;
			files = (
				180192D92BF6FABF002E6893 /* CalmPuzzleTests.swift in Sources */,
			);
			runOnlyForDeploymentPostprocessing = 0;
		};
		180192DA2BF6FABF002E6893 /* Sources */ = {
			isa = PBXSourcesBuildPhase;
			buildActionMask = 2147483647;
			files = (
				180192E52BF6FABF002E6893 /* CalmPuzzleUITestsLaunchTests.swift in Sources */,
				180192E32BF6FABF002E6893 /* CalmPuzzleUITests.swift in Sources */,
			);
			runOnlyForDeploymentPostprocessing = 0;
		};
/* End PBXSourcesBuildPhase section */

/* Begin PBXTargetDependency section */
		180192D62BF6FABF002E6893 /* PBXTargetDependency */ = {
			isa = PBXTargetDependency;
			target = 180192BD2BF6FABD002E6893 /* CalmPuzzle */;
			targetProxy = 180192D52BF6FABF002E6893 /* PBXContainerItemProxy */;
		};
		180192E02BF6FABF002E6893 /* PBXTargetDependency */ = {
			isa = PBXTargetDependency;
			target = 180192BD2BF6FABD002E6893 /* CalmPuzzle */;
			targetProxy = 180192DF2BF6FABF002E6893 /* PBXContainerItemProxy */;
		};
/* End PBXTargetDependency section */

/* Begin PBXVariantGroup section */
		180192CC2BF6FABE002E6893 /* LaunchScreen.storyboard */ = {
			isa = PBXVariantGroup;
			children = (
				180192CD2BF6FABE002E6893 /* Base */,
			);
			name = LaunchScreen.storyboard;
			sourceTree = "<group>";
		};
/* End PBXVariantGroup section */

/* Begin XCBuildConfiguration section */
		180192E62BF6FABF002E6893 /* Debug */ = {
			isa = XCBuildConfiguration;
			buildSettings = {
				ALWAYS_SEARCH_USER_PATHS = NO;
				ASSETCATALOG_COMPILER_GENERATE_SWIFT_ASSET_SYMBOL_EXTENSIONS = YES;
				CLANG_ANALYZER_NONNULL = YES;
				CLANG_ANALYZER_NUMBER_OBJECT_CONVERSION = YES_AGGRESSIVE;
				CLANG_CXX_LANGUAGE_STANDARD = "gnu++20";
				CLANG_ENABLE_MODULES = YES;
				CLANG_ENABLE_OBJC_ARC = YES;
				CLANG_ENABLE_OBJC_WEAK = YES;
				CLANG_WARN_BLOCK_CAPTURE_AUTORELEASING = YES;
				CLANG_WARN_BOOL_CONVERSION = YES;
				CLANG_WARN_COMMA = YES;
				CLANG_WARN_CONSTANT_CONVERSION = YES;
				CLANG_WARN_DEPRECATED_OBJC_IMPLEMENTATIONS = YES;
				CLANG_WARN_DIRECT_OBJC_ISA_USAGE = YES_ERROR;
				CLANG_WARN_DOCUMENTATION_COMMENTS = YES;
				CLANG_WARN_EMPTY_BODY = YES;
				CLANG_WARN_ENUM_CONVERSION = YES;
				CLANG_WARN_INFINITE_RECURSION = YES;
				CLANG_WARN_INT_CONVERSION = YES;
				CLANG_WARN_NON_LITERAL_NULL_CONVERSION = YES;
				CLANG_WARN_OBJC_IMPLICIT_RETAIN_SELF = YES;
				CLANG_WARN_OBJC_LITERAL_CONVERSION = YES;
				CLANG_WARN_OBJC_ROOT_CLASS = YES_ERROR;
				CLANG_WARN_QUOTED_INCLUDE_IN_FRAMEWORK_HEADER = YES;
				CLANG_WARN_RANGE_LOOP_ANALYSIS = YES;
				CLANG_WARN_STRICT_PROTOTYPES = YES;
				CLANG_WARN_SUSPICIOUS_MOVE = YES;
				CLANG_WARN_UNGUARDED_AVAILABILITY = YES_AGGRESSIVE;
				CLANG_WARN_UNREACHABLE_CODE = YES;
				CLANG_WARN__DUPLICATE_METHOD_MATCH = YES;
				COPY_PHASE_STRIP = NO;
				DEBUG_INFORMATION_FORMAT = dwarf;
				ENABLE_STRICT_OBJC_MSGSEND = YES;
				ENABLE_TESTABILITY = YES;
				ENABLE_USER_SCRIPT_SANDBOXING = YES;
				GCC_C_LANGUAGE_STANDARD = gnu17;
				GCC_DYNAMIC_NO_PIC = NO;
				GCC_NO_COMMON_BLOCKS = YES;
				GCC_OPTIMIZATION_LEVEL = 0;
				GCC_PREPROCESSOR_DEFINITIONS = (
					"DEBUG=1",
					"$(inherited)",
				);
				GCC_WARN_64_TO_32_BIT_CONVERSION = YES;
				GCC_WARN_ABOUT_RETURN_TYPE = YES_ERROR;
				GCC_WARN_UNDECLARED_SELECTOR = YES;
				GCC_WARN_UNINITIALIZED_AUTOS = YES_AGGRESSIVE;
				GCC_WARN_UNUSED_FUNCTION = YES;
				GCC_WARN_UNUSED_VARIABLE = YES;
				IPHONEOS_DEPLOYMENT_TARGET = 15.0;
				LOCALIZATION_PREFERS_STRING_CATALOGS = YES;
				MTL_ENABLE_DEBUG_INFO = INCLUDE_SOURCE;
				MTL_FAST_MATH = YES;
				ONLY_ACTIVE_ARCH = YES;
				SDKROOT = iphoneos;
				SWIFT_ACTIVE_COMPILATION_CONDITIONS = "DEBUG $(inherited)";
				SWIFT_OPTIMIZATION_LEVEL = "-Onone";
			};
			name = Debug;
		};
		180192E72BF6FABF002E6893 /* Release */ = {
			isa = XCBuildConfiguration;
			buildSettings = {
				ALWAYS_SEARCH_USER_PATHS = NO;
				ASSETCATALOG_COMPILER_GENERATE_SWIFT_ASSET_SYMBOL_EXTENSIONS = YES;
				CLANG_ANALYZER_NONNULL = YES;
				CLANG_ANALYZER_NUMBER_OBJECT_CONVERSION = YES_AGGRESSIVE;
				CLANG_CXX_LANGUAGE_STANDARD = "gnu++20";
				CLANG_ENABLE_MODULES = YES;
				CLANG_ENABLE_OBJC_ARC = YES;
				CLANG_ENABLE_OBJC_WEAK = YES;
				CLANG_WARN_BLOCK_CAPTURE_AUTORELEASING = YES;
				CLANG_WARN_BOOL_CONVERSION = YES;
				CLANG_WARN_COMMA = YES;
				CLANG_WARN_CONSTANT_CONVERSION = YES;
				CLANG_WARN_DEPRECATED_OBJC_IMPLEMENTATIONS = YES;
				CLANG_WARN_DIRECT_OBJC_ISA_USAGE = YES_ERROR;
				CLANG_WARN_DOCUMENTATION_COMMENTS = YES;
				CLANG_WARN_EMPTY_BODY = YES;
				CLANG_WARN_ENUM_CONVERSION = YES;
				CLANG_WARN_INFINITE_RECURSION = YES;
				CLANG_WARN_INT_CONVERSION = YES;
				CLANG_WARN_NON_LITERAL_NULL_CONVERSION = YES;
				CLANG_WARN_OBJC_IMPLICIT_RETAIN_SELF = YES;
				CLANG_WARN_OBJC_LITERAL_CONVERSION = YES;
				CLANG_WARN_OBJC_ROOT_CLASS = YES_ERROR;
				CLANG_WARN_QUOTED_INCLUDE_IN_FRAMEWORK_HEADER = YES;
				CLANG_WARN_RANGE_LOOP_ANALYSIS = YES;
				CLANG_WARN_STRICT_PROTOTYPES = YES;
				CLANG_WARN_SUSPICIOUS_MOVE = YES;
				CLANG_WARN_UNGUARDED_AVAILABILITY = YES_AGGRESSIVE;
				CLANG_WARN_UNREACHABLE_CODE = YES;
				CLANG_WARN__DUPLICATE_METHOD_MATCH = YES;
				COPY_PHASE_STRIP = NO;
				DEBUG_INFORMATION_FORMAT = "dwarf-with-dsym";
				ENABLE_NS_ASSERTIONS = NO;
				ENABLE_STRICT_OBJC_MSGSEND = YES;
				ENABLE_USER_SCRIPT_SANDBOXING = YES;
				GCC_C_LANGUAGE_STANDARD = gnu17;
				GCC_NO_COMMON_BLOCKS = YES;
				GCC_WARN_64_TO_32_BIT_CONVERSION = YES;
				GCC_WARN_ABOUT_RETURN_TYPE = YES_ERROR;
				GCC_WARN_UNDECLARED_SELECTOR = YES;
				GCC_WARN_UNINITIALIZED_AUTOS = YES_AGGRESSIVE;
				GCC_WARN_UNUSED_FUNCTION = YES;
				GCC_WARN_UNUSED_VARIABLE = YES;
				IPHONEOS_DEPLOYMENT_TARGET = 15.0;
				LOCALIZATION_PREFERS_STRING_CATALOGS = YES;
				MTL_ENABLE_DEBUG_INFO = NO;
				MTL_FAST_MATH = YES;
				SDKROOT = iphoneos;
				SWIFT_COMPILATION_MODE = wholemodule;
				VALIDATE_PRODUCT = YES;
			};
			name = Release;
		};
		180192E92BF6FABF002E6893 /* Debug */ = {
			isa = XCBuildConfiguration;
			buildSettings = {
				ASSETCATALOG_COMPILER_APPICON_NAME = AppIcon;
				ASSETCATALOG_COMPILER_GLOBAL_ACCENT_COLOR_NAME = AccentColor;
				CODE_SIGN_IDENTITY = "Apple Development";
				CODE_SIGN_STYLE = Automatic;
				CURRENT_PROJECT_VERSION = 1;
				DEVELOPMENT_TEAM = E9P6GGP6YR;
				GENERATE_INFOPLIST_FILE = YES;
				INFOPLIST_FILE = CalmPuzzle/Info.plist;
				INFOPLIST_KEY_CFBundleDisplayName = "Calm Puzzle";
				INFOPLIST_KEY_LSApplicationCategoryType = "public.app-category.puzzle-games";
				INFOPLIST_KEY_UIApplicationSupportsIndirectInputEvents = YES;
				INFOPLIST_KEY_UILaunchStoryboardName = LaunchScreen.storyboard;
				INFOPLIST_KEY_UIRequiresFullScreen = YES;
				INFOPLIST_KEY_UISupportedInterfaceOrientations = UIInterfaceOrientationPortrait;
				IPHONEOS_DEPLOYMENT_TARGET = 15.0;
				LD_RUNPATH_SEARCH_PATHS = (
					"$(inherited)",
					"@executable_path/Frameworks",
				);
				MARKETING_VERSION = 1.0;
				PRODUCT_BUNDLE_IDENTIFIER = com.galarza.CalmPuzzle;
				PRODUCT_NAME = "$(TARGET_NAME)";
				PROVISIONING_PROFILE_SPECIFIER = "";
				SWIFT_EMIT_LOC_STRINGS = YES;
				SWIFT_VERSION = 5.0;
				TARGETED_DEVICE_FAMILY = "1,2";
			};
			name = Debug;
		};
		180192EA2BF6FABF002E6893 /* Release */ = {
			isa = XCBuildConfiguration;
			buildSettings = {
				ASSETCATALOG_COMPILER_APPICON_NAME = AppIcon;
				ASSETCATALOG_COMPILER_GLOBAL_ACCENT_COLOR_NAME = AccentColor;
				CODE_SIGN_IDENTITY = "Apple Development";
				CODE_SIGN_STYLE = Automatic;
				CURRENT_PROJECT_VERSION = 1;
				DEVELOPMENT_TEAM = E9P6GGP6YR;
				GENERATE_INFOPLIST_FILE = YES;
				INFOPLIST_FILE = CalmPuzzle/Info.plist;
				INFOPLIST_KEY_CFBundleDisplayName = "Calm Puzzle";
				INFOPLIST_KEY_LSApplicationCategoryType = "public.app-category.puzzle-games";
				INFOPLIST_KEY_UIApplicationSupportsIndirectInputEvents = YES;
				INFOPLIST_KEY_UILaunchStoryboardName = LaunchScreen.storyboard;
				INFOPLIST_KEY_UIRequiresFullScreen = YES;
				INFOPLIST_KEY_UISupportedInterfaceOrientations = UIInterfaceOrientationPortrait;
				IPHONEOS_DEPLOYMENT_TARGET = 15.0;
				LD_RUNPATH_SEARCH_PATHS = (
					"$(inherited)",
					"@executable_path/Frameworks",
				);
				MARKETING_VERSION = 1.0;
				PRODUCT_BUNDLE_IDENTIFIER = com.galarza.CalmPuzzle;
				PRODUCT_NAME = "$(TARGET_NAME)";
				PROVISIONING_PROFILE_SPECIFIER = "";
				SWIFT_EMIT_LOC_STRINGS = YES;
				SWIFT_VERSION = 5.0;
				TARGETED_DEVICE_FAMILY = "1,2";
			};
			name = Release;
		};
		180192EC2BF6FABF002E6893 /* Debug */ = {
			isa = XCBuildConfiguration;
			buildSettings = {
				ALWAYS_EMBED_SWIFT_STANDARD_LIBRARIES = YES;
				BUNDLE_LOADER = "$(TEST_HOST)";
				CODE_SIGN_STYLE = Automatic;
				CURRENT_PROJECT_VERSION = 1;
				DEVELOPMENT_TEAM = E9P6GGP6YR;
				GENERATE_INFOPLIST_FILE = YES;
				IPHONEOS_DEPLOYMENT_TARGET = 17.0;
				MARKETING_VERSION = 1.0;
				PRODUCT_BUNDLE_IDENTIFIER = com.galarza.CirclePuzzleTests;
				PRODUCT_NAME = "$(TARGET_NAME)";
				SWIFT_EMIT_LOC_STRINGS = NO;
				SWIFT_VERSION = 5.0;
				TARGETED_DEVICE_FAMILY = "1,2";
				TEST_HOST = "$(BUILT_PRODUCTS_DIR)/CalmPuzzle.app/$(BUNDLE_EXECUTABLE_FOLDER_PATH)/CalmPuzzle";
			};
			name = Debug;
		};
		180192ED2BF6FABF002E6893 /* Release */ = {
			isa = XCBuildConfiguration;
			buildSettings = {
				ALWAYS_EMBED_SWIFT_STANDARD_LIBRARIES = YES;
				BUNDLE_LOADER = "$(TEST_HOST)";
				CODE_SIGN_STYLE = Automatic;
				CURRENT_PROJECT_VERSION = 1;
				DEVELOPMENT_TEAM = E9P6GGP6YR;
				GENERATE_INFOPLIST_FILE = YES;
				IPHONEOS_DEPLOYMENT_TARGET = 17.0;
				MARKETING_VERSION = 1.0;
				PRODUCT_BUNDLE_IDENTIFIER = com.galarza.CirclePuzzleTests;
				PRODUCT_NAME = "$(TARGET_NAME)";
				SWIFT_EMIT_LOC_STRINGS = NO;
				SWIFT_VERSION = 5.0;
				TARGETED_DEVICE_FAMILY = "1,2";
				TEST_HOST = "$(BUILT_PRODUCTS_DIR)/CalmPuzzle.app/$(BUNDLE_EXECUTABLE_FOLDER_PATH)/CalmPuzzle";
			};
			name = Release;
		};
		180192EF2BF6FABF002E6893 /* Debug */ = {
			isa = XCBuildConfiguration;
			buildSettings = {
				ALWAYS_EMBED_SWIFT_STANDARD_LIBRARIES = YES;
				CODE_SIGN_STYLE = Automatic;
				CURRENT_PROJECT_VERSION = 1;
				DEVELOPMENT_TEAM = E9P6GGP6YR;
				GENERATE_INFOPLIST_FILE = YES;
				MARKETING_VERSION = 1.0;
				PRODUCT_BUNDLE_IDENTIFIER = com.galarza.CirclePuzzleUITests;
				PRODUCT_NAME = "$(TARGET_NAME)";
				SWIFT_EMIT_LOC_STRINGS = NO;
				SWIFT_VERSION = 5.0;
				TARGETED_DEVICE_FAMILY = "1,2";
				TEST_TARGET_NAME = CirclePuzzle;
			};
			name = Debug;
		};
		180192F02BF6FABF002E6893 /* Release */ = {
			isa = XCBuildConfiguration;
			buildSettings = {
				ALWAYS_EMBED_SWIFT_STANDARD_LIBRARIES = YES;
				CODE_SIGN_STYLE = Automatic;
				CURRENT_PROJECT_VERSION = 1;
				DEVELOPMENT_TEAM = E9P6GGP6YR;
				GENERATE_INFOPLIST_FILE = YES;
				MARKETING_VERSION = 1.0;
				PRODUCT_BUNDLE_IDENTIFIER = com.galarza.CirclePuzzleUITests;
				PRODUCT_NAME = "$(TARGET_NAME)";
				SWIFT_EMIT_LOC_STRINGS = NO;
				SWIFT_VERSION = 5.0;
				TARGETED_DEVICE_FAMILY = "1,2";
				TEST_TARGET_NAME = CirclePuzzle;
			};
			name = Release;
		};
/* End XCBuildConfiguration section */

/* Begin XCConfigurationList section */
		180192B92BF6FABD002E6893 /* Build configuration list for PBXProject "CalmPuzzle" */ = {
			isa = XCConfigurationList;
			buildConfigurations = (
				180192E62BF6FABF002E6893 /* Debug */,
				180192E72BF6FABF002E6893 /* Release */,
			);
			defaultConfigurationIsVisible = 0;
			defaultConfigurationName = Release;
		};
		180192E82BF6FABF002E6893 /* Build configuration list for PBXNativeTarget "CalmPuzzle" */ = {
			isa = XCConfigurationList;
			buildConfigurations = (
				180192E92BF6FABF002E6893 /* Debug */,
				180192EA2BF6FABF002E6893 /* Release */,
			);
			defaultConfigurationIsVisible = 0;
			defaultConfigurationName = Release;
		};
		180192EB2BF6FABF002E6893 /* Build configuration list for PBXNativeTarget "CalmPuzzleTests" */ = {
			isa = XCConfigurationList;
			buildConfigurations = (
				180192EC2BF6FABF002E6893 /* Debug */,
				180192ED2BF6FABF002E6893 /* Release */,
			);
			defaultConfigurationIsVisible = 0;
			defaultConfigurationName = Release;
		};
		180192EE2BF6FABF002E6893 /* Build configuration list for PBXNativeTarget "CalmPuzzleUITests" */ = {
			isa = XCConfigurationList;
			buildConfigurations = (
				180192EF2BF6FABF002E6893 /* Debug */,
				180192F02BF6FABF002E6893 /* Release */,
			);
			defaultConfigurationIsVisible = 0;
			defaultConfigurationName = Release;
		};
/* End XCConfigurationList section */

/* Begin XCRemoteSwiftPackageReference section */
		18FEC9132C1A43B3002D9649 /* XCRemoteSwiftPackageReference "firebase-ios-sdk" */ = {
			isa = XCRemoteSwiftPackageReference;
			repositoryURL = "https://github.com/firebase/firebase-ios-sdk";
			requirement = {
				kind = upToNextMajorVersion;
				minimumVersion = 10.27.0;
			};
		};
/* End XCRemoteSwiftPackageReference section */

/* Begin XCSwiftPackageProductDependency section */
		18FEC9142C1A43B3002D9649 /* FirebaseAnalytics */ = {
			isa = XCSwiftPackageProductDependency;
			package = 18FEC9132C1A43B3002D9649 /* XCRemoteSwiftPackageReference "firebase-ios-sdk" */;
			productName = FirebaseAnalytics;
		};
		18FEC9162C1A43B3002D9649 /* FirebaseAnalyticsOnDeviceConversion */ = {
			isa = XCSwiftPackageProductDependency;
			package = 18FEC9132C1A43B3002D9649 /* XCRemoteSwiftPackageReference "firebase-ios-sdk" */;
			productName = FirebaseAnalyticsOnDeviceConversion;
		};
		18FEC9182C1A43B3002D9649 /* FirebaseAnalyticsSwift */ = {
			isa = XCSwiftPackageProductDependency;
			package = 18FEC9132C1A43B3002D9649 /* XCRemoteSwiftPackageReference "firebase-ios-sdk" */;
			productName = FirebaseAnalyticsSwift;
		};
		18FEC91A2C1A43B3002D9649 /* FirebaseAppCheck */ = {
			isa = XCSwiftPackageProductDependency;
			package = 18FEC9132C1A43B3002D9649 /* XCRemoteSwiftPackageReference "firebase-ios-sdk" */;
			productName = FirebaseAppCheck;
		};
		18FEC91C2C1A43B3002D9649 /* FirebaseAuth */ = {
			isa = XCSwiftPackageProductDependency;
			package = 18FEC9132C1A43B3002D9649 /* XCRemoteSwiftPackageReference "firebase-ios-sdk" */;
			productName = FirebaseAuth;
		};
		18FEC91E2C1A43B3002D9649 /* FirebaseCrashlytics */ = {
			isa = XCSwiftPackageProductDependency;
			package = 18FEC9132C1A43B3002D9649 /* XCRemoteSwiftPackageReference "firebase-ios-sdk" */;
			productName = FirebaseCrashlytics;
		};
		18FEC9202C1A43B3002D9649 /* FirebaseDynamicLinks */ = {
			isa = XCSwiftPackageProductDependency;
			package = 18FEC9132C1A43B3002D9649 /* XCRemoteSwiftPackageReference "firebase-ios-sdk" */;
			productName = FirebaseDynamicLinks;
		};
		18FEC9222C1A43B3002D9649 /* FirebaseFirestore */ = {
			isa = XCSwiftPackageProductDependency;
			package = 18FEC9132C1A43B3002D9649 /* XCRemoteSwiftPackageReference "firebase-ios-sdk" */;
			productName = FirebaseFirestore;
		};
		18FEC9242C1A43B3002D9649 /* FirebaseFirestoreSwift */ = {
			isa = XCSwiftPackageProductDependency;
			package = 18FEC9132C1A43B3002D9649 /* XCRemoteSwiftPackageReference "firebase-ios-sdk" */;
			productName = FirebaseFirestoreSwift;
		};
		18FEC9262C1A43B3002D9649 /* FirebaseFunctions */ = {
			isa = XCSwiftPackageProductDependency;
			package = 18FEC9132C1A43B3002D9649 /* XCRemoteSwiftPackageReference "firebase-ios-sdk" */;
			productName = FirebaseFunctions;
		};
		18FEC9282C1A43B3002D9649 /* FirebaseInstallations */ = {
			isa = XCSwiftPackageProductDependency;
			package = 18FEC9132C1A43B3002D9649 /* XCRemoteSwiftPackageReference "firebase-ios-sdk" */;
			productName = FirebaseInstallations;
		};
		18FEC92A2C1A43B3002D9649 /* FirebaseMessaging */ = {
			isa = XCSwiftPackageProductDependency;
			package = 18FEC9132C1A43B3002D9649 /* XCRemoteSwiftPackageReference "firebase-ios-sdk" */;
			productName = FirebaseMessaging;
		};
		18FEC92C2C1A43B3002D9649 /* FirebasePerformance */ = {
			isa = XCSwiftPackageProductDependency;
			package = 18FEC9132C1A43B3002D9649 /* XCRemoteSwiftPackageReference "firebase-ios-sdk" */;
			productName = FirebasePerformance;
		};
		18FEC92E2C1A43B3002D9649 /* FirebaseRemoteConfig */ = {
			isa = XCSwiftPackageProductDependency;
			package = 18FEC9132C1A43B3002D9649 /* XCRemoteSwiftPackageReference "firebase-ios-sdk" */;
			productName = FirebaseRemoteConfig;
		};
		18FEC9302C1A43B3002D9649 /* FirebaseRemoteConfigSwift */ = {
			isa = XCSwiftPackageProductDependency;
			package = 18FEC9132C1A43B3002D9649 /* XCRemoteSwiftPackageReference "firebase-ios-sdk" */;
			productName = FirebaseRemoteConfigSwift;
		};
		18FEC9322C1A43B3002D9649 /* FirebaseStorage */ = {
			isa = XCSwiftPackageProductDependency;
			package = 18FEC9132C1A43B3002D9649 /* XCRemoteSwiftPackageReference "firebase-ios-sdk" */;
			productName = FirebaseStorage;
		};
/* End XCSwiftPackageProductDependency section */
	};
	rootObject = 180192B62BF6FABD002E6893 /* Project object */;
}
